
Microsoft Visual Studio Solution File, Format Version 12.00
# Visual Studio Version 16
VisualStudioVersion = 16.0.30114.105
MinimumVisualStudioVersion = 10.0.40219.1
Project("{2150E333-8FDC-42A3-9474-1A3956D46DE8}") = "src", "src", "{F2CA9A6D-E6ED-402B-AD8B-2DC8A19F49CA}"
EndProject
Project("{FAE04EC0-301F-11D3-BF4B-00C04F79EFBC}") = "Football.Is.Life.Core", "src\Football.Is.Life.Core\Football.Is.Life.Core.csproj", "{A409F160-D53A-407A-A777-BB190E1559D9}"
EndProject
Project("{FAE04EC0-301F-11D3-BF4B-00C04F79EFBC}") = "Football.Is.Life.Web.Host", "src\Football.Is.Life.Web.Host\Football.Is.Life.Web.Host.csproj", "{55C5FB03-611A-4C61-88FE-2C888C09B2E8}"
EndProject
Project("{FAE04EC0-301F-11D3-BF4B-00C04F79EFBC}") = "Football.Is.Life.Api.Host", "src\Football.Is.Life.Api.Host\Football.Is.Life.Api.Host.csproj", "{2EBD5BB0-56EB-4D5A-821E-8D4D6D0D122C}"
EndProject
Project("{2150E333-8FDC-42A3-9474-1A3956D46DE8}") = "tests", "tests", "{694E00E5-1D08-4DDB-B585-C5057B42C38B}"
EndProject
Project("{FAE04EC0-301F-11D3-BF4B-00C04F79EFBC}") = "Football.Is.Life.Core.Tests", "tests\Football.Is.Life.Core.Tests\Football.Is.Life.Core.Tests.csproj", "{FBFE06AA-0C8A-468E-AAF8-5F028D5CE2F4}"
EndProject
Project("{FAE04EC0-301F-11D3-BF4B-00C04F79EFBC}") = "Football.Is.Life.Api.Host.Tests", "tests\Football.Is.Life.Api.Host.Tests\Football.Is.Life.Api.Host.Tests.csproj", "{B7B48D1E-1648-4241-941B-2A0FA2B08063}"
EndProject
Project("{FAE04EC0-301F-11D3-BF4B-00C04F79EFBC}") = "Football.Is.Life.Web.Host.Tests", "tests\Football.Is.Life.Web.Host.Tests\Football.Is.Life.Web.Host.Tests.csproj", "{7A10CE98-93FA-4A0E-B752-3E971AE5C981}"
EndProject
Project("{FAE04EC0-301F-11D3-BF4B-00C04F79EFBC}") = "Football.Is.Life.Identity.Host.Tests", "tests\Football.Is.Life.Identity.Host.Tests\Football.Is.Life.Identity.Host.Tests.csproj", "{6F81EA6D-41BB-4D54-AEA7-E41709BE4B76}"
EndProject
Project("{FAE04EC0-301F-11D3-BF4B-00C04F79EFBC}") = "Football.Is.Life.Identity.Host", "src\Football.Is.Life.Identity.Host\Football.Is.Life.Identity.Host.csproj", "{31BECBD5-9D6E-403D-B78A-00DC9CF360A6}"
EndProject
Project("{FAE04EC0-301F-11D3-BF4B-00C04F79EFBC}") = "Football.Is.Life.IaC", "src\Football.Is.Life.IaC\Football.Is.Life.IaC.csproj", "{3280F9F8-4DE9-4977-809E-4F442BCC11B0}"
EndProject
Project("{2150E333-8FDC-42A3-9474-1A3956D46DE8}") = ".build", ".build", "{B0C41A34-D845-4AD9-91B7-C68EA3A021E0}"
	ProjectSection(SolutionItems) = preProject
		Directory.Build.props = Directory.Build.props
		global.json = global.json
		LICENSE = LICENSE
		.csharpierrc.json = .csharpierrc.json
		docker-compose.yaml = docker-compose.yaml
		.dockerignore = .dockerignore
		.gitignore = .gitignore
	EndProjectSection
EndProject
Project("{2150E333-8FDC-42A3-9474-1A3956D46DE8}") = ".config", ".config", "{7704A297-9928-4F96-9869-21C7C3886C98}"
	ProjectSection(SolutionItems) = preProject
		.config\dotnet-tools.json = .config\dotnet-tools.json
	EndProjectSection
EndProject
Project("{2150E333-8FDC-42A3-9474-1A3956D46DE8}") = ".husky", ".husky", "{59A7E803-97A1-4AA9-B7B6-2FFDD236E6D5}"
	ProjectSection(SolutionItems) = preProject
		.husky\task-runner.json = .husky\task-runner.json
		.husky\pre-commit = .husky\pre-commit
	EndProjectSection
EndProject
Project("{2150E333-8FDC-42A3-9474-1A3956D46DE8}") = ".github", ".github", "{4DC8FBF8-A619-4939-AD03-824D4FFD2156}"
EndProject
Project("{2150E333-8FDC-42A3-9474-1A3956D46DE8}") = "workflows", "workflows", "{72799938-6B30-446C-A104-E25668E0CB95}"
	ProjectSection(SolutionItems) = preProject
		.github\workflows\main.yaml = .github\workflows\main.yaml
	EndProjectSection
EndProject
Global
	GlobalSection(SolutionConfigurationPlatforms) = preSolution
		Debug|Any CPU = Debug|Any CPU
		Release|Any CPU = Release|Any CPU
	EndGlobalSection
	GlobalSection(SolutionProperties) = preSolution
		HideSolutionNode = FALSE
	EndGlobalSection
	GlobalSection(ProjectConfigurationPlatforms) = postSolution
		{A409F160-D53A-407A-A777-BB190E1559D9}.Debug|Any CPU.ActiveCfg = Debug|Any CPU
		{A409F160-D53A-407A-A777-BB190E1559D9}.Debug|Any CPU.Build.0 = Debug|Any CPU
		{A409F160-D53A-407A-A777-BB190E1559D9}.Release|Any CPU.ActiveCfg = Release|Any CPU
		{A409F160-D53A-407A-A777-BB190E1559D9}.Release|Any CPU.Build.0 = Release|Any CPU
		{55C5FB03-611A-4C61-88FE-2C888C09B2E8}.Debug|Any CPU.ActiveCfg = Debug|Any CPU
		{55C5FB03-611A-4C61-88FE-2C888C09B2E8}.Debug|Any CPU.Build.0 = Debug|Any CPU
		{55C5FB03-611A-4C61-88FE-2C888C09B2E8}.Release|Any CPU.ActiveCfg = Release|Any CPU
		{55C5FB03-611A-4C61-88FE-2C888C09B2E8}.Release|Any CPU.Build.0 = Release|Any CPU
		{2EBD5BB0-56EB-4D5A-821E-8D4D6D0D122C}.Debug|Any CPU.ActiveCfg = Debug|Any CPU
		{2EBD5BB0-56EB-4D5A-821E-8D4D6D0D122C}.Debug|Any CPU.Build.0 = Debug|Any CPU
		{2EBD5BB0-56EB-4D5A-821E-8D4D6D0D122C}.Release|Any CPU.ActiveCfg = Release|Any CPU
		{2EBD5BB0-56EB-4D5A-821E-8D4D6D0D122C}.Release|Any CPU.Build.0 = Release|Any CPU
		{FBFE06AA-0C8A-468E-AAF8-5F028D5CE2F4}.Debug|Any CPU.ActiveCfg = Debug|Any CPU
		{FBFE06AA-0C8A-468E-AAF8-5F028D5CE2F4}.Debug|Any CPU.Build.0 = Debug|Any CPU
		{FBFE06AA-0C8A-468E-AAF8-5F028D5CE2F4}.Release|Any CPU.ActiveCfg = Release|Any CPU
		{FBFE06AA-0C8A-468E-AAF8-5F028D5CE2F4}.Release|Any CPU.Build.0 = Release|Any CPU
		{B7B48D1E-1648-4241-941B-2A0FA2B08063}.Debug|Any CPU.ActiveCfg = Debug|Any CPU
		{B7B48D1E-1648-4241-941B-2A0FA2B08063}.Debug|Any CPU.Build.0 = Debug|Any CPU
		{B7B48D1E-1648-4241-941B-2A0FA2B08063}.Release|Any CPU.ActiveCfg = Release|Any CPU
		{B7B48D1E-1648-4241-941B-2A0FA2B08063}.Release|Any CPU.Build.0 = Release|Any CPU
		{7A10CE98-93FA-4A0E-B752-3E971AE5C981}.Debug|Any CPU.ActiveCfg = Debug|Any CPU
		{7A10CE98-93FA-4A0E-B752-3E971AE5C981}.Debug|Any CPU.Build.0 = Debug|Any CPU
		{7A10CE98-93FA-4A0E-B752-3E971AE5C981}.Release|Any CPU.ActiveCfg = Release|Any CPU
		{7A10CE98-93FA-4A0E-B752-3E971AE5C981}.Release|Any CPU.Build.0 = Release|Any CPU
		{6F81EA6D-41BB-4D54-AEA7-E41709BE4B76}.Debug|Any CPU.ActiveCfg = Debug|Any CPU
		{6F81EA6D-41BB-4D54-AEA7-E41709BE4B76}.Debug|Any CPU.Build.0 = Debug|Any CPU
		{6F81EA6D-41BB-4D54-AEA7-E41709BE4B76}.Release|Any CPU.ActiveCfg = Release|Any CPU
		{6F81EA6D-41BB-4D54-AEA7-E41709BE4B76}.Release|Any CPU.Build.0 = Release|Any CPU
		{31BECBD5-9D6E-403D-B78A-00DC9CF360A6}.Debug|Any CPU.ActiveCfg = Debug|Any CPU
		{31BECBD5-9D6E-403D-B78A-00DC9CF360A6}.Debug|Any CPU.Build.0 = Debug|Any CPU
		{31BECBD5-9D6E-403D-B78A-00DC9CF360A6}.Release|Any CPU.ActiveCfg = Release|Any CPU
		{31BECBD5-9D6E-403D-B78A-00DC9CF360A6}.Release|Any CPU.Build.0 = Release|Any CPU
		{3280F9F8-4DE9-4977-809E-4F442BCC11B0}.Debug|Any CPU.ActiveCfg = Debug|Any CPU
		{3280F9F8-4DE9-4977-809E-4F442BCC11B0}.Debug|Any CPU.Build.0 = Debug|Any CPU
		{3280F9F8-4DE9-4977-809E-4F442BCC11B0}.Release|Any CPU.ActiveCfg = Release|Any CPU
		{3280F9F8-4DE9-4977-809E-4F442BCC11B0}.Release|Any CPU.Build.0 = Release|Any CPU
	EndGlobalSection
	GlobalSection(NestedProjects) = preSolution
		{A409F160-D53A-407A-A777-BB190E1559D9} = {F2CA9A6D-E6ED-402B-AD8B-2DC8A19F49CA}
		{55C5FB03-611A-4C61-88FE-2C888C09B2E8} = {F2CA9A6D-E6ED-402B-AD8B-2DC8A19F49CA}
		{2EBD5BB0-56EB-4D5A-821E-8D4D6D0D122C} = {F2CA9A6D-E6ED-402B-AD8B-2DC8A19F49CA}
		{FBFE06AA-0C8A-468E-AAF8-5F028D5CE2F4} = {694E00E5-1D08-4DDB-B585-C5057B42C38B}
		{B7B48D1E-1648-4241-941B-2A0FA2B08063} = {694E00E5-1D08-4DDB-B585-C5057B42C38B}
		{7A10CE98-93FA-4A0E-B752-3E971AE5C981} = {694E00E5-1D08-4DDB-B585-C5057B42C38B}
		{6F81EA6D-41BB-4D54-AEA7-E41709BE4B76} = {694E00E5-1D08-4DDB-B585-C5057B42C38B}
		{31BECBD5-9D6E-403D-B78A-00DC9CF360A6} = {F2CA9A6D-E6ED-402B-AD8B-2DC8A19F49CA}
		{3280F9F8-4DE9-4977-809E-4F442BCC11B0} = {F2CA9A6D-E6ED-402B-AD8B-2DC8A19F49CA}
		{72799938-6B30-446C-A104-E25668E0CB95} = {4DC8FBF8-A619-4939-AD03-824D4FFD2156}
	EndGlobalSection
EndGlobal
